
Microsoft Visual Studio Solution File, Format Version 12.00
# Visual Studio Version 16
VisualStudioVersion = 16.0.30413.136
MinimumVisualStudioVersion = 10.0.40219.1
Project("{FAE04EC0-301F-11D3-BF4B-00C04F79EFBC}") = "miniraknare", "miniraknare.csproj", "{28183A4D-F9E5-4C82-9EED-900640C2ED3D}"
EndProject
Global
	GlobalSection(SolutionConfigurationPlatforms) = preSolution
		Debug|Any CPU = Debug|Any CPU
		Release|Any CPU = Release|Any CPU
	EndGlobalSection
	GlobalSection(ProjectConfigurationPlatforms) = postSolution
		{28183A4D-F9E5-4C82-9EED-900640C2ED3D}.Debug|Any CPU.ActiveCfg = Debug|Any CPU
		{28183A4D-F9E5-4C82-9EED-900640C2ED3D}.Debug|Any CPU.Build.0 = Debug|Any CPU
		{28183A4D-F9E5-4C82-9EED-900640C2ED3D}.Release|Any CPU.ActiveCfg = Release|Any CPU
		{28183A4D-F9E5-4C82-9EED-900640C2ED3D}.Release|Any CPU.Build.0 = Release|Any CPU
	EndGlobalSection
	GlobalSection(SolutionProperties) = preSolution
		HideSolutionNode = FALSE
	EndGlobalSection
	GlobalSection(ExtensibilityGlobals) = postSolution
		SolutionGuid = {89D5934B-97CB-4284-A68C-CBC937907EA3}
	EndGlobalSection
EndGlobal
