
Microsoft Visual Studio Solution File, Format Version 12.00
# Visual Studio Version 16
VisualStudioVersion = 16.0.30413.136
MinimumVisualStudioVersion = 10.0.40219.1
Project("{FAE04EC0-301F-11D3-BF4B-00C04F79EFBC}") = "genomgångPolym", "genomgångPolym.csproj", "{60FE7A4B-52AE-42A4-97B6-DB19D3ADFC17}"
EndProject
Global
	GlobalSection(SolutionConfigurationPlatforms) = preSolution
		Debug|Any CPU = Debug|Any CPU
		Release|Any CPU = Release|Any CPU
	EndGlobalSection
	GlobalSection(ProjectConfigurationPlatforms) = postSolution
		{60FE7A4B-52AE-42A4-97B6-DB19D3ADFC17}.Debug|Any CPU.ActiveCfg = Debug|Any CPU
		{60FE7A4B-52AE-42A4-97B6-DB19D3ADFC17}.Debug|Any CPU.Build.0 = Debug|Any CPU
		{60FE7A4B-52AE-42A4-97B6-DB19D3ADFC17}.Release|Any CPU.ActiveCfg = Release|Any CPU
		{60FE7A4B-52AE-42A4-97B6-DB19D3ADFC17}.Release|Any CPU.Build.0 = Release|Any CPU
	EndGlobalSection
	GlobalSection(SolutionProperties) = preSolution
		HideSolutionNode = FALSE
	EndGlobalSection
	GlobalSection(ExtensibilityGlobals) = postSolution
		SolutionGuid = {CD8193FB-12AE-4028-A0DE-13E7ED806544}
	EndGlobalSection
EndGlobal
